
Microsoft Visual Studio Solution File, Format Version 12.00
# Visual Studio 15
VisualStudioVersion = 15.0.27130.2010
MinimumVisualStudioVersion = 10.0.40219.1
Project("{FAE04EC0-301F-11D3-BF4B-00C04F79EFBC}") = "TeamPowered", "TeamPowered\TeamPowered.csproj", "{1D398737-D7BB-49F9-87D2-3B273300D76A}"
EndProject
Global
	GlobalSection(SolutionConfigurationPlatforms) = preSolution
		Debug|Any CPU = Debug|Any CPU
		Release|Any CPU = Release|Any CPU
	EndGlobalSection
	GlobalSection(ProjectConfigurationPlatforms) = postSolution
		{1D398737-D7BB-49F9-87D2-3B273300D76A}.Debug|Any CPU.ActiveCfg = Debug|Any CPU
		{1D398737-D7BB-49F9-87D2-3B273300D76A}.Debug|Any CPU.Build.0 = Debug|Any CPU
		{1D398737-D7BB-49F9-87D2-3B273300D76A}.Release|Any CPU.ActiveCfg = Release|Any CPU
		{1D398737-D7BB-49F9-87D2-3B273300D76A}.Release|Any CPU.Build.0 = Release|Any CPU
	EndGlobalSection
	GlobalSection(SolutionProperties) = preSolution
		HideSolutionNode = FALSE
	EndGlobalSection
	GlobalSection(ExtensibilityGlobals) = postSolution
		SolutionGuid = {3B8249A7-2129-400A-8D41-41E48779A8A8}
	EndGlobalSection
EndGlobal
